
Microsoft Visual Studio Solution File, Format Version 12.00
# Visual Studio Version 16
VisualStudioVersion = 16.0.31911.196
MinimumVisualStudioVersion = 10.0.40219.1
Project("{FAE04EC0-301F-11D3-BF4B-00C04F79EFBC}") = "Cosmetic-Finder.Importer", "src\Apps\Cosmetic-Finder.Importer\Cosmetic-Finder.Importer.csproj", "{76C0AC37-A0C2-43BF-AEFA-21A12BEF13CD}"
EndProject
Global
	GlobalSection(SolutionConfigurationPlatforms) = preSolution
		Debug|Any CPU = Debug|Any CPU
		Release|Any CPU = Release|Any CPU
	EndGlobalSection
	GlobalSection(ProjectConfigurationPlatforms) = postSolution
		{76C0AC37-A0C2-43BF-AEFA-21A12BEF13CD}.Debug|Any CPU.ActiveCfg = Debug|Any CPU
		{76C0AC37-A0C2-43BF-AEFA-21A12BEF13CD}.Debug|Any CPU.Build.0 = Debug|Any CPU
		{76C0AC37-A0C2-43BF-AEFA-21A12BEF13CD}.Release|Any CPU.ActiveCfg = Release|Any CPU
		{76C0AC37-A0C2-43BF-AEFA-21A12BEF13CD}.Release|Any CPU.Build.0 = Release|Any CPU
	EndGlobalSection
	GlobalSection(SolutionProperties) = preSolution
		HideSolutionNode = FALSE
	EndGlobalSection
	GlobalSection(ExtensibilityGlobals) = postSolution
		SolutionGuid = {F7240A5E-FC21-4786-B3B6-1D73E7FE9AA4}
	EndGlobalSection
EndGlobal
